<?xml version="1.0" encoding="utf-8"?>
<Project ToolsVersion="4.0" xmlns="http://schemas.microsoft.com/developer/msbuild/2003">
  <ItemGroup>
    <Filter Include="Header Files">
      <UniqueIdentifier>{93995380-89BD-4b04-88EB-625FBE52EBFB}</UniqueIdentifier>
      <Extensions>h;hh;hpp;hxx;h++;hm;inl;inc;ipp;xsd</Extensions>
    </Filter>
    <Filter Include="Resource Files">
      <UniqueIdentifier>{67DA6AB6-F800-4c08-8B7A-83BB121AAD01}</UniqueIdentifier>
      <Extensions>rc;ico;cur;bmp;dlg;rc2;rct;bin;rgs;gif;jpg;jpeg;jpe;resx;tiff;tif;png;wav;mfcribbon-ms</Extensions>
    </Filter>
    <Filter Include="Resource Files\Linear">
      <UniqueIdentifier>{ec19c1cf-a54a-4ae4-bd47-d5e06bdab10b}</UniqueIdentifier>
    </Filter>
    <Filter Include="Source Files">
      <UniqueIdentifier>{4FC737F1-C7A5-4376-A066-2A32D752A2FF}</UniqueIdentifier>
      <Extensions>cpp;c;cc;cxx;c++;cppm;ixx;def;odl;idl;hpj;bat;asm;asmx</Extensions>
    </Filter>
    <Filter Include="Resource Files\Expand">
      <UniqueIdentifier>{a62d345b-f22e-416a-b402-fcb7f49d1093}</UniqueIdentifier>
    </Filter>
    <Filter Include="Resource Files\Nonlinear">
      <UniqueIdentifier>{80d7a751-bba9-49ef-93cc-d09c869575f0}</UniqueIdentifier>
    </Filter>
  </ItemGroup>
  <ItemGroup>
    <ClCompile Include="Source.cpp">
      <Filter>Source Files</Filter>
    </ClCompile>
    <ClCompile Include="stack.cpp">
      <Filter>Resource Files\Linear</Filter>
    </ClCompile>
    <ClCompile Include="array.cpp">
      <Filter>Resource Files\Linear</Filter>
    </ClCompile>
    <ClCompile Include="list.cpp">
      <Filter>Resource Files\Linear</Filter>
    </ClCompile>
    <ClCompile Include="queue.cpp">
      <Filter>Resource Files\Linear</Filter>
    </ClCompile>
    <ClCompile Include="bst.cpp">
      <Filter>Resource Files\Nonlinear</Filter>
    </ClCompile>
    <ClCompile Include="heap.cpp">
      <Filter>Resource Files\Nonlinear</Filter>
    </ClCompile>
  </ItemGroup>
</Project>